// !$*UTF8*$!
{
	archiveVersion = 1;
	classes = {
	};
	objectVersion = 46;
	objects = {

/* Begin PBXBuildFile section */
		6138B65C1D320000006D31B6 /* UnityTool.m in Sources */ = {isa = PBXBuildFile; fileRef = 6138B65B1D320000006D31B6 /* UnityTool.m */; };
		617587FE1D27EE1E00DBD118 /* UIViewController+Dealloc.m in Sources */ = {isa = PBXBuildFile; fileRef = 617587FD1D27EE1E00DBD118 /* UIViewController+Dealloc.m */; };
		EC60380B1D224D040097FE81 /* CTFrameParserConfig.m in Sources */ = {isa = PBXBuildFile; fileRef = EC60380A1D224D040097FE81 /* CTFrameParserConfig.m */; };
		EC60380E1D224E310097FE81 /* CTFrameParser.m in Sources */ = {isa = PBXBuildFile; fileRef = EC60380D1D224E310097FE81 /* CTFrameParser.m */; };
		EC6038111D22556C0097FE81 /* CoreTextData.m in Sources */ = {isa = PBXBuildFile; fileRef = EC6038101D22556C0097FE81 /* CoreTextData.m */; };
		EC6038141D2257010097FE81 /* CTDisplayView.m in Sources */ = {isa = PBXBuildFile; fileRef = EC6038131D2257010097FE81 /* CTDisplayView.m */; };
		EC6038181D2267450097FE81 /* UIView+AddFunc.m in Sources */ = {isa = PBXBuildFile; fileRef = EC6038171D2267450097FE81 /* UIView+AddFunc.m */; };
		EC60381A1D227D110097FE81 /* modelData in Resources */ = {isa = PBXBuildFile; fileRef = EC6038191D227D110097FE81 /* modelData */; };
		EC7153821D3643C00020A9AD /* UIColor+Hex.m in Sources */ = {isa = PBXBuildFile; fileRef = EC7153811D3643C00020A9AD /* UIColor+Hex.m */; };
		EC99F1C61D20AB440076E1F3 /* main.m in Sources */ = {isa = PBXBuildFile; fileRef = EC99F1C51D20AB440076E1F3 /* main.m */; };
		EC99F1C91D20AB440076E1F3 /* AppDelegate.m in Sources */ = {isa = PBXBuildFile; fileRef = EC99F1C81D20AB440076E1F3 /* AppDelegate.m */; };
		EC99F1CC1D20AB440076E1F3 /* ViewController.m in Sources */ = {isa = PBXBuildFile; fileRef = EC99F1CB1D20AB440076E1F3 /* ViewController.m */; };
		EC99F1CF1D20AB440076E1F3 /* Main.storyboard in Resources */ = {isa = PBXBuildFile; fileRef = EC99F1CD1D20AB440076E1F3 /* Main.storyboard */; };
		EC99F1D11D20AB440076E1F3 /* Assets.xcassets in Resources */ = {isa = PBXBuildFile; fileRef = EC99F1D01D20AB440076E1F3 /* Assets.xcassets */; };
		EC99F1D41D20AB440076E1F3 /* LaunchScreen.storyboard in Resources */ = {isa = PBXBuildFile; fileRef = EC99F1D21D20AB440076E1F3 /* LaunchScreen.storyboard */; };
		EC99F1DD1D20B8990076E1F3 /* CTView.m in Sources */ = {isa = PBXBuildFile; fileRef = EC99F1DC1D20B8990076E1F3 /* CTView.m */; };
		EC99F1E31D212CAF0076E1F3 /* CTAPIView.m in Sources */ = {isa = PBXBuildFile; fileRef = EC99F1E21D212CAF0076E1F3 /* CTAPIView.m */; };
		EC9BA4291D26550D00810A21 /* HeadImageController.m in Sources */ = {isa = PBXBuildFile; fileRef = EC9BA4281D26550D00810A21 /* HeadImageController.m */; };
		EC9BA42C1D265BCC00810A21 /* ImageViewController.m in Sources */ = {isa = PBXBuildFile; fileRef = EC9BA42B1D265BCC00810A21 /* ImageViewController.m */; };
		ECB960F71D375CCC00005C3F /* YLImageScrollView.m in Sources */ = {isa = PBXBuildFile; fileRef = ECB960F61D375CCC00005C3F /* YLImageScrollView.m */; };
		ECBB49441D2516E100359C31 /* CoreTextViewController.m in Sources */ = {isa = PBXBuildFile; fileRef = ECBB49431D2516E100359C31 /* CoreTextViewController.m */; };
		ECBB49481D251B5300359C31 /* AttributeStringController.m in Sources */ = {isa = PBXBuildFile; fileRef = ECBB49471D251B5300359C31 /* AttributeStringController.m */; };
		ECBB494B1D251C2200359C31 /* BasicViewController.m in Sources */ = {isa = PBXBuildFile; fileRef = ECBB494A1D251C2200359C31 /* BasicViewController.m */; };
		ECBB494F1D251DB000359C31 /* AttributeStringView.m in Sources */ = {isa = PBXBuildFile; fileRef = ECBB494E1D251DB000359C31 /* AttributeStringView.m */; };
		ECD25AF21D3C7C5000388F5F /* MKAnnotationView+WebCache.m in Sources */ = {isa = PBXBuildFile; fileRef = ECD25AD21D3C7C5000388F5F /* MKAnnotationView+WebCache.m */; };
		ECD25AF31D3C7C5000388F5F /* NSData+ImageContentType.m in Sources */ = {isa = PBXBuildFile; fileRef = ECD25AD41D3C7C5000388F5F /* NSData+ImageContentType.m */; };
		ECD25AF41D3C7C5000388F5F /* SDImageCache.m in Sources */ = {isa = PBXBuildFile; fileRef = ECD25AD61D3C7C5000388F5F /* SDImageCache.m */; };
		ECD25AF51D3C7C5000388F5F /* SDWebImageCompat.m in Sources */ = {isa = PBXBuildFile; fileRef = ECD25AD81D3C7C5000388F5F /* SDWebImageCompat.m */; };
		ECD25AF61D3C7C5000388F5F /* SDWebImageDecoder.m in Sources */ = {isa = PBXBuildFile; fileRef = ECD25ADA1D3C7C5000388F5F /* SDWebImageDecoder.m */; };
		ECD25AF71D3C7C5000388F5F /* SDWebImageDownloader.m in Sources */ = {isa = PBXBuildFile; fileRef = ECD25ADC1D3C7C5000388F5F /* SDWebImageDownloader.m */; };
		ECD25AF81D3C7C5000388F5F /* SDWebImageDownloaderOperation.m in Sources */ = {isa = PBXBuildFile; fileRef = ECD25ADE1D3C7C5000388F5F /* SDWebImageDownloaderOperation.m */; };
		ECD25AF91D3C7C5000388F5F /* SDWebImageManager.m in Sources */ = {isa = PBXBuildFile; fileRef = ECD25AE01D3C7C5000388F5F /* SDWebImageManager.m */; };
		ECD25AFA1D3C7C5000388F5F /* SDWebImagePrefetcher.m in Sources */ = {isa = PBXBuildFile; fileRef = ECD25AE31D3C7C5000388F5F /* SDWebImagePrefetcher.m */; };
		ECD25AFB1D3C7C5000388F5F /* UIButton+WebCache.m in Sources */ = {isa = PBXBuildFile; fileRef = ECD25AE51D3C7C5000388F5F /* UIButton+WebCache.m */; };
		ECD25AFC1D3C7C5000388F5F /* UIImage+GIF.m in Sources */ = {isa = PBXBuildFile; fileRef = ECD25AE71D3C7C5000388F5F /* UIImage+GIF.m */; };
		ECD25AFD1D3C7C5000388F5F /* UIImage+MultiFormat.m in Sources */ = {isa = PBXBuildFile; fileRef = ECD25AE91D3C7C5000388F5F /* UIImage+MultiFormat.m */; };
		ECD25AFE1D3C7C5000388F5F /* UIImage+WebP.m in Sources */ = {isa = PBXBuildFile; fileRef = ECD25AEB1D3C7C5000388F5F /* UIImage+WebP.m */; };
		ECD25AFF1D3C7C5000388F5F /* UIImageView+HighlightedWebCache.m in Sources */ = {isa = PBXBuildFile; fileRef = ECD25AED1D3C7C5000388F5F /* UIImageView+HighlightedWebCache.m */; };
		ECD25B001D3C7C5000388F5F /* UIImageView+WebCache.m in Sources */ = {isa = PBXBuildFile; fileRef = ECD25AEF1D3C7C5000388F5F /* UIImageView+WebCache.m */; };
		ECD25B011D3C7C5000388F5F /* UIView+WebCacheOperation.m in Sources */ = {isa = PBXBuildFile; fileRef = ECD25AF11D3C7C5000388F5F /* UIView+WebCacheOperation.m */; };
		ECD25B041D3C9AA100388F5F /* CollectionViewController.m in Sources */ = {isa = PBXBuildFile; fileRef = ECD25B031D3C9AA100388F5F /* CollectionViewController.m */; };
		ECD25B071D3C9E5800388F5F /* MyCustomCollectionViewLayout.m in Sources */ = {isa = PBXBuildFile; fileRef = ECD25B061D3C9E5800388F5F /* MyCustomCollectionViewLayout.m */; };
		ECD7BEF91D2358AB007787CF /* CoreTextImageData.m in Sources */ = {isa = PBXBuildFile; fileRef = ECD7BEF81D2358AB007787CF /* CoreTextImageData.m */; };
		ECD7BF031D23948D007787CF /* exp.png in Resources */ = {isa = PBXBuildFile; fileRef = ECD7BF001D23948D007787CF /* exp.png */; };
		ECD7BF041D23948D007787CF /* QRcode.png in Resources */ = {isa = PBXBuildFile; fileRef = ECD7BF011D23948D007787CF /* QRcode.png */; };
		ECD7BF051D23948D007787CF /* sdxl.jpg in Resources */ = {isa = PBXBuildFile; fileRef = ECD7BF021D23948D007787CF /* sdxl.jpg */; };
		ECD7BF081D239762007787CF /* gtl.jpg in Resources */ = {isa = PBXBuildFile; fileRef = ECD7BF061D239762007787CF /* gtl.jpg */; };
		ECD7BF091D239762007787CF /* lrt.jpg in Resources */ = {isa = PBXBuildFile; fileRef = ECD7BF071D239762007787CF /* lrt.jpg */; };
		ECD7BF0D1D23A231007787CF /* ScanImageViewController.m in Sources */ = {isa = PBXBuildFile; fileRef = ECD7BF0C1D23A231007787CF /* ScanImageViewController.m */; };
		ECD7BF141D23AF4D007787CF /* CoreTextLinkData.m in Sources */ = {isa = PBXBuildFile; fileRef = ECD7BF131D23AF4D007787CF /* CoreTextLinkData.m */; };
		ECD7BF171D23B24F007787CF /* CoreTextUtils.m in Sources */ = {isa = PBXBuildFile; fileRef = ECD7BF161D23B24F007787CF /* CoreTextUtils.m */; };
		ECD7BF1D1D23C394007787CF /* LinkWebController.m in Sources */ = {isa = PBXBuildFile; fileRef = ECD7BF1C1D23C394007787CF /* LinkWebController.m */; };
		ECFFD95F1D29FE50006C7A62 /* ImageCollectionController.m in Sources */ = {isa = PBXBuildFile; fileRef = ECFFD95E1D29FE50006C7A62 /* ImageCollectionController.m */; };
		ECFFD9631D2A0BB2006C7A62 /* FirstViewController.m in Sources */ = {isa = PBXBuildFile; fileRef = ECFFD9621D2A0BB2006C7A62 /* FirstViewController.m */; };
		ECFFD9661D2A0BC1006C7A62 /* SecondViewController.m in Sources */ = {isa = PBXBuildFile; fileRef = ECFFD9651D2A0BC1006C7A62 /* SecondViewController.m */; };
		ECFFD9691D2A0D59006C7A62 /* PresentOneTransition.m in Sources */ = {isa = PBXBuildFile; fileRef = ECFFD9681D2A0D59006C7A62 /* PresentOneTransition.m */; };
		ECFFD96C1D2A2F13006C7A62 /* InteractiveTransition.m in Sources */ = {isa = PBXBuildFile; fileRef = ECFFD96B1D2A2F13006C7A62 /* InteractiveTransition.m */; };
		ECFFD96F1D2A570B006C7A62 /* TransitionAnimationOBJ.m in Sources */ = {isa = PBXBuildFile; fileRef = ECFFD96E1D2A570B006C7A62 /* TransitionAnimationOBJ.m */; };
		ECFFD9721D2A5BB9006C7A62 /* TransitionToViewController.m in Sources */ = {isa = PBXBuildFile; fileRef = ECFFD9711D2A5BB9006C7A62 /* TransitionToViewController.m */; };
		ECFFD9751D2A5BCB006C7A62 /* TransitionFromViewController.m in Sources */ = {isa = PBXBuildFile; fileRef = ECFFD9741D2A5BCB006C7A62 /* TransitionFromViewController.m */; };
/* End PBXBuildFile section */

/* Begin PBXFileReference section */
		6138B65A1D320000006D31B6 /* UnityTool.h */ = {isa = PBXFileReference; fileEncoding = 4; lastKnownFileType = sourcecode.c.h; path = UnityTool.h; sourceTree = "<group>"; };
		6138B65B1D320000006D31B6 /* UnityTool.m */ = {isa = PBXFileReference; fileEncoding = 4; lastKnownFileType = sourcecode.c.objc; path = UnityTool.m; sourceTree = "<group>"; };
		617587FC1D27EE1E00DBD118 /* UIViewController+Dealloc.h */ = {isa = PBXFileReference; fileEncoding = 4; lastKnownFileType = sourcecode.c.h; path = "UIViewController+Dealloc.h"; sourceTree = "<group>"; };
		617587FD1D27EE1E00DBD118 /* UIViewController+Dealloc.m */ = {isa = PBXFileReference; fileEncoding = 4; lastKnownFileType = sourcecode.c.objc; path = "UIViewController+Dealloc.m"; sourceTree = "<group>"; };
		EC6038071D22463C0097FE81 /* CoreText-Prefix.pch */ = {isa = PBXFileReference; fileEncoding = 4; lastKnownFileType = sourcecode.c.h; path = "CoreText-Prefix.pch"; sourceTree = "<group>"; };
		EC6038091D224D040097FE81 /* CTFrameParserConfig.h */ = {isa = PBXFileReference; fileEncoding = 4; lastKnownFileType = sourcecode.c.h; path = CTFrameParserConfig.h; sourceTree = "<group>"; };
		EC60380A1D224D040097FE81 /* CTFrameParserConfig.m */ = {isa = PBXFileReference; fileEncoding = 4; lastKnownFileType = sourcecode.c.objc; path = CTFrameParserConfig.m; sourceTree = "<group>"; };
		EC60380C1D224E310097FE81 /* CTFrameParser.h */ = {isa = PBXFileReference; fileEncoding = 4; lastKnownFileType = sourcecode.c.h; path = CTFrameParser.h; sourceTree = "<group>"; };
		EC60380D1D224E310097FE81 /* CTFrameParser.m */ = {isa = PBXFileReference; fileEncoding = 4; lastKnownFileType = sourcecode.c.objc; path = CTFrameParser.m; sourceTree = "<group>"; };
		EC60380F1D22556C0097FE81 /* CoreTextData.h */ = {isa = PBXFileReference; fileEncoding = 4; lastKnownFileType = sourcecode.c.h; path = CoreTextData.h; sourceTree = "<group>"; };
		EC6038101D22556C0097FE81 /* CoreTextData.m */ = {isa = PBXFileReference; fileEncoding = 4; lastKnownFileType = sourcecode.c.objc; path = CoreTextData.m; sourceTree = "<group>"; };
		EC6038121D2257010097FE81 /* CTDisplayView.h */ = {isa = PBXFileReference; fileEncoding = 4; lastKnownFileType = sourcecode.c.h; path = CTDisplayView.h; sourceTree = "<group>"; };
		EC6038131D2257010097FE81 /* CTDisplayView.m */ = {isa = PBXFileReference; fileEncoding = 4; lastKnownFileType = sourcecode.c.objc; path = CTDisplayView.m; sourceTree = "<group>"; };
		EC6038161D2267450097FE81 /* UIView+AddFunc.h */ = {isa = PBXFileReference; fileEncoding = 4; lastKnownFileType = sourcecode.c.h; path = "UIView+AddFunc.h"; sourceTree = "<group>"; };
		EC6038171D2267450097FE81 /* UIView+AddFunc.m */ = {isa = PBXFileReference; fileEncoding = 4; lastKnownFileType = sourcecode.c.objc; path = "UIView+AddFunc.m"; sourceTree = "<group>"; };
		EC6038191D227D110097FE81 /* modelData */ = {isa = PBXFileReference; fileEncoding = 4; lastKnownFileType = text; name = modelData; path = CoreTextDemo/modelData; sourceTree = "<group>"; };
		EC7153801D3643C00020A9AD /* UIColor+Hex.h */ = {isa = PBXFileReference; fileEncoding = 4; lastKnownFileType = sourcecode.c.h; path = "UIColor+Hex.h"; sourceTree = "<group>"; };
		EC7153811D3643C00020A9AD /* UIColor+Hex.m */ = {isa = PBXFileReference; fileEncoding = 4; lastKnownFileType = sourcecode.c.objc; path = "UIColor+Hex.m"; sourceTree = "<group>"; };
		EC99F1C11D20AB440076E1F3 /* CoreTextDemo.app */ = {isa = PBXFileReference; explicitFileType = wrapper.application; includeInIndex = 0; path = CoreTextDemo.app; sourceTree = BUILT_PRODUCTS_DIR; };
		EC99F1C51D20AB440076E1F3 /* main.m */ = {isa = PBXFileReference; lastKnownFileType = sourcecode.c.objc; path = main.m; sourceTree = "<group>"; };
		EC99F1C71D20AB440076E1F3 /* AppDelegate.h */ = {isa = PBXFileReference; lastKnownFileType = sourcecode.c.h; path = AppDelegate.h; sourceTree = "<group>"; };
		EC99F1C81D20AB440076E1F3 /* AppDelegate.m */ = {isa = PBXFileReference; lastKnownFileType = sourcecode.c.objc; path = AppDelegate.m; sourceTree = "<group>"; };
		EC99F1CA1D20AB440076E1F3 /* ViewController.h */ = {isa = PBXFileReference; lastKnownFileType = sourcecode.c.h; path = ViewController.h; sourceTree = "<group>"; };
		EC99F1CB1D20AB440076E1F3 /* ViewController.m */ = {isa = PBXFileReference; lastKnownFileType = sourcecode.c.objc; path = ViewController.m; sourceTree = "<group>"; };
		EC99F1CE1D20AB440076E1F3 /* Base */ = {isa = PBXFileReference; lastKnownFileType = file.storyboard; name = Base; path = Base.lproj/Main.storyboard; sourceTree = "<group>"; };
		EC99F1D01D20AB440076E1F3 /* Assets.xcassets */ = {isa = PBXFileReference; lastKnownFileType = folder.assetcatalog; path = Assets.xcassets; sourceTree = "<group>"; };
		EC99F1D31D20AB440076E1F3 /* Base */ = {isa = PBXFileReference; lastKnownFileType = file.storyboard; name = Base; path = Base.lproj/LaunchScreen.storyboard; sourceTree = "<group>"; };
		EC99F1D51D20AB440076E1F3 /* Info.plist */ = {isa = PBXFileReference; lastKnownFileType = text.plist.xml; path = Info.plist; sourceTree = "<group>"; };
		EC99F1DB1D20B8990076E1F3 /* CTView.h */ = {isa = PBXFileReference; fileEncoding = 4; lastKnownFileType = sourcecode.c.h; path = CTView.h; sourceTree = "<group>"; };
		EC99F1DC1D20B8990076E1F3 /* CTView.m */ = {isa = PBXFileReference; fileEncoding = 4; lastKnownFileType = sourcecode.c.objc; path = CTView.m; sourceTree = "<group>"; };
		EC99F1E11D212CAF0076E1F3 /* CTAPIView.h */ = {isa = PBXFileReference; fileEncoding = 4; lastKnownFileType = sourcecode.c.h; path = CTAPIView.h; sourceTree = "<group>"; };
		EC99F1E21D212CAF0076E1F3 /* CTAPIView.m */ = {isa = PBXFileReference; fileEncoding = 4; lastKnownFileType = sourcecode.c.objc; path = CTAPIView.m; sourceTree = "<group>"; };
		EC9BA4271D26550D00810A21 /* HeadImageController.h */ = {isa = PBXFileReference; fileEncoding = 4; lastKnownFileType = sourcecode.c.h; path = HeadImageController.h; sourceTree = "<group>"; };
		EC9BA4281D26550D00810A21 /* HeadImageController.m */ = {isa = PBXFileReference; fileEncoding = 4; lastKnownFileType = sourcecode.c.objc; path = HeadImageController.m; sourceTree = "<group>"; };
		EC9BA42A1D265BCC00810A21 /* ImageViewController.h */ = {isa = PBXFileReference; fileEncoding = 4; lastKnownFileType = sourcecode.c.h; path = ImageViewController.h; sourceTree = "<group>"; };
		EC9BA42B1D265BCC00810A21 /* ImageViewController.m */ = {isa = PBXFileReference; fileEncoding = 4; lastKnownFileType = sourcecode.c.objc; path = ImageViewController.m; sourceTree = "<group>"; };
		ECB960F51D375CCC00005C3F /* YLImageScrollView.h */ = {isa = PBXFileReference; fileEncoding = 4; lastKnownFileType = sourcecode.c.h; path = YLImageScrollView.h; sourceTree = "<group>"; };
		ECB960F61D375CCC00005C3F /* YLImageScrollView.m */ = {isa = PBXFileReference; fileEncoding = 4; lastKnownFileType = sourcecode.c.objc; path = YLImageScrollView.m; sourceTree = "<group>"; };
		ECBB49421D2516E100359C31 /* CoreTextViewController.h */ = {isa = PBXFileReference; fileEncoding = 4; lastKnownFileType = sourcecode.c.h; path = CoreTextViewController.h; sourceTree = "<group>"; };
		ECBB49431D2516E100359C31 /* CoreTextViewController.m */ = {isa = PBXFileReference; fileEncoding = 4; lastKnownFileType = sourcecode.c.objc; path = CoreTextViewController.m; sourceTree = "<group>"; };
		ECBB49461D251B5300359C31 /* AttributeStringController.h */ = {isa = PBXFileReference; fileEncoding = 4; lastKnownFileType = sourcecode.c.h; path = AttributeStringController.h; sourceTree = "<group>"; };
		ECBB49471D251B5300359C31 /* AttributeStringController.m */ = {isa = PBXFileReference; fileEncoding = 4; lastKnownFileType = sourcecode.c.objc; path = AttributeStringController.m; sourceTree = "<group>"; };
		ECBB49491D251C2200359C31 /* BasicViewController.h */ = {isa = PBXFileReference; fileEncoding = 4; lastKnownFileType = sourcecode.c.h; path = BasicViewController.h; sourceTree = "<group>"; };
		ECBB494A1D251C2200359C31 /* BasicViewController.m */ = {isa = PBXFileReference; fileEncoding = 4; lastKnownFileType = sourcecode.c.objc; path = BasicViewController.m; sourceTree = "<group>"; };
		ECBB494D1D251DB000359C31 /* AttributeStringView.h */ = {isa = PBXFileReference; fileEncoding = 4; lastKnownFileType = sourcecode.c.h; path = AttributeStringView.h; sourceTree = "<group>"; };
		ECBB494E1D251DB000359C31 /* AttributeStringView.m */ = {isa = PBXFileReference; fileEncoding = 4; lastKnownFileType = sourcecode.c.objc; path = AttributeStringView.m; sourceTree = "<group>"; };
		ECD25AD11D3C7C5000388F5F /* MKAnnotationView+WebCache.h */ = {isa = PBXFileReference; fileEncoding = 4; lastKnownFileType = sourcecode.c.h; path = "MKAnnotationView+WebCache.h"; sourceTree = "<group>"; };
		ECD25AD21D3C7C5000388F5F /* MKAnnotationView+WebCache.m */ = {isa = PBXFileReference; fileEncoding = 4; lastKnownFileType = sourcecode.c.objc; path = "MKAnnotationView+WebCache.m"; sourceTree = "<group>"; };
		ECD25AD31D3C7C5000388F5F /* NSData+ImageContentType.h */ = {isa = PBXFileReference; fileEncoding = 4; lastKnownFileType = sourcecode.c.h; path = "NSData+ImageContentType.h"; sourceTree = "<group>"; };
		ECD25AD41D3C7C5000388F5F /* NSData+ImageContentType.m */ = {isa = PBXFileReference; fileEncoding = 4; lastKnownFileType = sourcecode.c.objc; path = "NSData+ImageContentType.m"; sourceTree = "<group>"; };
		ECD25AD51D3C7C5000388F5F /* SDImageCache.h */ = {isa = PBXFileReference; fileEncoding = 4; lastKnownFileType = sourcecode.c.h; path = SDImageCache.h; sourceTree = "<group>"; };
		ECD25AD61D3C7C5000388F5F /* SDImageCache.m */ = {isa = PBXFileReference; fileEncoding = 4; lastKnownFileType = sourcecode.c.objc; path = SDImageCache.m; sourceTree = "<group>"; };
		ECD25AD71D3C7C5000388F5F /* SDWebImageCompat.h */ = {isa = PBXFileReference; fileEncoding = 4; lastKnownFileType = sourcecode.c.h; path = SDWebImageCompat.h; sourceTree = "<group>"; };
		ECD25AD81D3C7C5000388F5F /* SDWebImageCompat.m */ = {isa = PBXFileReference; fileEncoding = 4; lastKnownFileType = sourcecode.c.objc; path = SDWebImageCompat.m; sourceTree = "<group>"; };
		ECD25AD91D3C7C5000388F5F /* SDWebImageDecoder.h */ = {isa = PBXFileReference; fileEncoding = 4; lastKnownFileType = sourcecode.c.h; path = SDWebImageDecoder.h; sourceTree = "<group>"; };
		ECD25ADA1D3C7C5000388F5F /* SDWebImageDecoder.m */ = {isa = PBXFileReference; fileEncoding = 4; lastKnownFileType = sourcecode.c.objc; path = SDWebImageDecoder.m; sourceTree = "<group>"; };
		ECD25ADB1D3C7C5000388F5F /* SDWebImageDownloader.h */ = {isa = PBXFileReference; fileEncoding = 4; lastKnownFileType = sourcecode.c.h; path = SDWebImageDownloader.h; sourceTree = "<group>"; };
		ECD25ADC1D3C7C5000388F5F /* SDWebImageDownloader.m */ = {isa = PBXFileReference; fileEncoding = 4; lastKnownFileType = sourcecode.c.objc; path = SDWebImageDownloader.m; sourceTree = "<group>"; };
		ECD25ADD1D3C7C5000388F5F /* SDWebImageDownloaderOperation.h */ = {isa = PBXFileReference; fileEncoding = 4; lastKnownFileType = sourcecode.c.h; path = SDWebImageDownloaderOperation.h; sourceTree = "<group>"; };
		ECD25ADE1D3C7C5000388F5F /* SDWebImageDownloaderOperation.m */ = {isa = PBXFileReference; fileEncoding = 4; lastKnownFileType = sourcecode.c.objc; path = SDWebImageDownloaderOperation.m; sourceTree = "<group>"; };
		ECD25ADF1D3C7C5000388F5F /* SDWebImageManager.h */ = {isa = PBXFileReference; fileEncoding = 4; lastKnownFileType = sourcecode.c.h; path = SDWebImageManager.h; sourceTree = "<group>"; };
		ECD25AE01D3C7C5000388F5F /* SDWebImageManager.m */ = {isa = PBXFileReference; fileEncoding = 4; lastKnownFileType = sourcecode.c.objc; path = SDWebImageManager.m; sourceTree = "<group>"; };
		ECD25AE11D3C7C5000388F5F /* SDWebImageOperation.h */ = {isa = PBXFileReference; fileEncoding = 4; lastKnownFileType = sourcecode.c.h; path = SDWebImageOperation.h; sourceTree = "<group>"; };
		ECD25AE21D3C7C5000388F5F /* SDWebImagePrefetcher.h */ = {isa = PBXFileReference; fileEncoding = 4; lastKnownFileType = sourcecode.c.h; path = SDWebImagePrefetcher.h; sourceTree = "<group>"; };
		ECD25AE31D3C7C5000388F5F /* SDWebImagePrefetcher.m */ = {isa = PBXFileReference; fileEncoding = 4; lastKnownFileType = sourcecode.c.objc; path = SDWebImagePrefetcher.m; sourceTree = "<group>"; };
		ECD25AE41D3C7C5000388F5F /* UIButton+WebCache.h */ = {isa = PBXFileReference; fileEncoding = 4; lastKnownFileType = sourcecode.c.h; path = "UIButton+WebCache.h"; sourceTree = "<group>"; };
		ECD25AE51D3C7C5000388F5F /* UIButton+WebCache.m */ = {isa = PBXFileReference; fileEncoding = 4; lastKnownFileType = sourcecode.c.objc; path = "UIButton+WebCache.m"; sourceTree = "<group>"; };
		ECD25AE61D3C7C5000388F5F /* UIImage+GIF.h */ = {isa = PBXFileReference; fileEncoding = 4; lastKnownFileType = sourcecode.c.h; path = "UIImage+GIF.h"; sourceTree = "<group>"; };
		ECD25AE71D3C7C5000388F5F /* UIImage+GIF.m */ = {isa = PBXFileReference; fileEncoding = 4; lastKnownFileType = sourcecode.c.objc; path = "UIImage+GIF.m"; sourceTree = "<group>"; };
		ECD25AE81D3C7C5000388F5F /* UIImage+MultiFormat.h */ = {isa = PBXFileReference; fileEncoding = 4; lastKnownFileType = sourcecode.c.h; path = "UIImage+MultiFormat.h"; sourceTree = "<group>"; };
		ECD25AE91D3C7C5000388F5F /* UIImage+MultiFormat.m */ = {isa = PBXFileReference; fileEncoding = 4; lastKnownFileType = sourcecode.c.objc; path = "UIImage+MultiFormat.m"; sourceTree = "<group>"; };
		ECD25AEA1D3C7C5000388F5F /* UIImage+WebP.h */ = {isa = PBXFileReference; fileEncoding = 4; lastKnownFileType = sourcecode.c.h; path = "UIImage+WebP.h"; sourceTree = "<group>"; };
		ECD25AEB1D3C7C5000388F5F /* UIImage+WebP.m */ = {isa = PBXFileReference; fileEncoding = 4; lastKnownFileType = sourcecode.c.objc; path = "UIImage+WebP.m"; sourceTree = "<group>"; };
		ECD25AEC1D3C7C5000388F5F /* UIImageView+HighlightedWebCache.h */ = {isa = PBXFileReference; fileEncoding = 4; lastKnownFileType = sourcecode.c.h; path = "UIImageView+HighlightedWebCache.h"; sourceTree = "<group>"; };
		ECD25AED1D3C7C5000388F5F /* UIImageView+HighlightedWebCache.m */ = {isa = PBXFileReference; fileEncoding = 4; lastKnownFileType = sourcecode.c.objc; path = "UIImageView+HighlightedWebCache.m"; sourceTree = "<group>"; };
		ECD25AEE1D3C7C5000388F5F /* UIImageView+WebCache.h */ = {isa = PBXFileReference; fileEncoding = 4; lastKnownFileType = sourcecode.c.h; path = "UIImageView+WebCache.h"; sourceTree = "<group>"; };
		ECD25AEF1D3C7C5000388F5F /* UIImageView+WebCache.m */ = {isa = PBXFileReference; fileEncoding = 4; lastKnownFileType = sourcecode.c.objc; path = "UIImageView+WebCache.m"; sourceTree = "<group>"; };
		ECD25AF01D3C7C5000388F5F /* UIView+WebCacheOperation.h */ = {isa = PBXFileReference; fileEncoding = 4; lastKnownFileType = sourcecode.c.h; path = "UIView+WebCacheOperation.h"; sourceTree = "<group>"; };
		ECD25AF11D3C7C5000388F5F /* UIView+WebCacheOperation.m */ = {isa = PBXFileReference; fileEncoding = 4; lastKnownFileType = sourcecode.c.objc; path = "UIView+WebCacheOperation.m"; sourceTree = "<group>"; };
		ECD25B021D3C9AA100388F5F /* CollectionViewController.h */ = {isa = PBXFileReference; fileEncoding = 4; lastKnownFileType = sourcecode.c.h; path = CollectionViewController.h; sourceTree = "<group>"; };
		ECD25B031D3C9AA100388F5F /* CollectionViewController.m */ = {isa = PBXFileReference; fileEncoding = 4; lastKnownFileType = sourcecode.c.objc; path = CollectionViewController.m; sourceTree = "<group>"; };
		ECD25B051D3C9E5800388F5F /* MyCustomCollectionViewLayout.h */ = {isa = PBXFileReference; fileEncoding = 4; lastKnownFileType = sourcecode.c.h; path = MyCustomCollectionViewLayout.h; sourceTree = "<group>"; };
		ECD25B061D3C9E5800388F5F /* MyCustomCollectionViewLayout.m */ = {isa = PBXFileReference; fileEncoding = 4; lastKnownFileType = sourcecode.c.objc; path = MyCustomCollectionViewLayout.m; sourceTree = "<group>"; };
		ECD7BEF71D2358AB007787CF /* CoreTextImageData.h */ = {isa = PBXFileReference; fileEncoding = 4; lastKnownFileType = sourcecode.c.h; path = CoreTextImageData.h; sourceTree = "<group>"; };
		ECD7BEF81D2358AB007787CF /* CoreTextImageData.m */ = {isa = PBXFileReference; fileEncoding = 4; lastKnownFileType = sourcecode.c.objc; path = CoreTextImageData.m; sourceTree = "<group>"; };
		ECD7BF001D23948D007787CF /* exp.png */ = {isa = PBXFileReference; lastKnownFileType = image.png; path = exp.png; sourceTree = "<group>"; };
		ECD7BF011D23948D007787CF /* QRcode.png */ = {isa = PBXFileReference; lastKnownFileType = image.png; path = QRcode.png; sourceTree = "<group>"; };
		ECD7BF021D23948D007787CF /* sdxl.jpg */ = {isa = PBXFileReference; lastKnownFileType = image.jpeg; path = sdxl.jpg; sourceTree = "<group>"; };
		ECD7BF061D239762007787CF /* gtl.jpg */ = {isa = PBXFileReference; lastKnownFileType = image.jpeg; path = gtl.jpg; sourceTree = "<group>"; };
		ECD7BF071D239762007787CF /* lrt.jpg */ = {isa = PBXFileReference; lastKnownFileType = image.jpeg; path = lrt.jpg; sourceTree = "<group>"; };
		ECD7BF0B1D23A231007787CF /* ScanImageViewController.h */ = {isa = PBXFileReference; fileEncoding = 4; lastKnownFileType = sourcecode.c.h; path = ScanImageViewController.h; sourceTree = "<group>"; };
		ECD7BF0C1D23A231007787CF /* ScanImageViewController.m */ = {isa = PBXFileReference; fileEncoding = 4; lastKnownFileType = sourcecode.c.objc; path = ScanImageViewController.m; sourceTree = "<group>"; };
		ECD7BF0E1D23A51B007787CF /* headers.h */ = {isa = PBXFileReference; lastKnownFileType = sourcecode.c.h; path = headers.h; sourceTree = "<group>"; };
		ECD7BF121D23AF4D007787CF /* CoreTextLinkData.h */ = {isa = PBXFileReference; fileEncoding = 4; lastKnownFileType = sourcecode.c.h; path = CoreTextLinkData.h; sourceTree = "<group>"; };
		ECD7BF131D23AF4D007787CF /* CoreTextLinkData.m */ = {isa = PBXFileReference; fileEncoding = 4; lastKnownFileType = sourcecode.c.objc; path = CoreTextLinkData.m; sourceTree = "<group>"; };
		ECD7BF151D23B24F007787CF /* CoreTextUtils.h */ = {isa = PBXFileReference; fileEncoding = 4; lastKnownFileType = sourcecode.c.h; path = CoreTextUtils.h; sourceTree = "<group>"; };
		ECD7BF161D23B24F007787CF /* CoreTextUtils.m */ = {isa = PBXFileReference; fileEncoding = 4; lastKnownFileType = sourcecode.c.objc; path = CoreTextUtils.m; sourceTree = "<group>"; };
		ECD7BF1B1D23C394007787CF /* LinkWebController.h */ = {isa = PBXFileReference; fileEncoding = 4; lastKnownFileType = sourcecode.c.h; path = LinkWebController.h; sourceTree = "<group>"; };
		ECD7BF1C1D23C394007787CF /* LinkWebController.m */ = {isa = PBXFileReference; fileEncoding = 4; lastKnownFileType = sourcecode.c.objc; path = LinkWebController.m; sourceTree = "<group>"; };
		ECFFD95D1D29FE4F006C7A62 /* ImageCollectionController.h */ = {isa = PBXFileReference; fileEncoding = 4; lastKnownFileType = sourcecode.c.h; path = ImageCollectionController.h; sourceTree = "<group>"; };
		ECFFD95E1D29FE50006C7A62 /* ImageCollectionController.m */ = {isa = PBXFileReference; fileEncoding = 4; lastKnownFileType = sourcecode.c.objc; path = ImageCollectionController.m; sourceTree = "<group>"; };
		ECFFD9611D2A0BB2006C7A62 /* FirstViewController.h */ = {isa = PBXFileReference; fileEncoding = 4; lastKnownFileType = sourcecode.c.h; path = FirstViewController.h; sourceTree = "<group>"; };
		ECFFD9621D2A0BB2006C7A62 /* FirstViewController.m */ = {isa = PBXFileReference; fileEncoding = 4; lastKnownFileType = sourcecode.c.objc; path = FirstViewController.m; sourceTree = "<group>"; };
		ECFFD9641D2A0BC1006C7A62 /* SecondViewController.h */ = {isa = PBXFileReference; fileEncoding = 4; lastKnownFileType = sourcecode.c.h; path = SecondViewController.h; sourceTree = "<group>"; };
		ECFFD9651D2A0BC1006C7A62 /* SecondViewController.m */ = {isa = PBXFileReference; fileEncoding = 4; lastKnownFileType = sourcecode.c.objc; path = SecondViewController.m; sourceTree = "<group>"; };
		ECFFD9671D2A0D59006C7A62 /* PresentOneTransition.h */ = {isa = PBXFileReference; fileEncoding = 4; lastKnownFileType = sourcecode.c.h; path = PresentOneTransition.h; sourceTree = "<group>"; };
		ECFFD9681D2A0D59006C7A62 /* PresentOneTransition.m */ = {isa = PBXFileReference; fileEncoding = 4; lastKnownFileType = sourcecode.c.objc; path = PresentOneTransition.m; sourceTree = "<group>"; };
		ECFFD96A1D2A2F13006C7A62 /* InteractiveTransition.h */ = {isa = PBXFileReference; fileEncoding = 4; lastKnownFileType = sourcecode.c.h; path = InteractiveTransition.h; sourceTree = "<group>"; };
		ECFFD96B1D2A2F13006C7A62 /* InteractiveTransition.m */ = {isa = PBXFileReference; fileEncoding = 4; lastKnownFileType = sourcecode.c.objc; path = InteractiveTransition.m; sourceTree = "<group>"; };
		ECFFD96D1D2A570B006C7A62 /* TransitionAnimationOBJ.h */ = {isa = PBXFileReference; fileEncoding = 4; lastKnownFileType = sourcecode.c.h; path = TransitionAnimationOBJ.h; sourceTree = "<group>"; };
		ECFFD96E1D2A570B006C7A62 /* TransitionAnimationOBJ.m */ = {isa = PBXFileReference; fileEncoding = 4; lastKnownFileType = sourcecode.c.objc; path = TransitionAnimationOBJ.m; sourceTree = "<group>"; };
		ECFFD9701D2A5BB9006C7A62 /* TransitionToViewController.h */ = {isa = PBXFileReference; fileEncoding = 4; lastKnownFileType = sourcecode.c.h; path = TransitionToViewController.h; sourceTree = "<group>"; };
		ECFFD9711D2A5BB9006C7A62 /* TransitionToViewController.m */ = {isa = PBXFileReference; fileEncoding = 4; lastKnownFileType = sourcecode.c.objc; path = TransitionToViewController.m; sourceTree = "<group>"; };
		ECFFD9731D2A5BCB006C7A62 /* TransitionFromViewController.h */ = {isa = PBXFileReference; fileEncoding = 4; lastKnownFileType = sourcecode.c.h; path = TransitionFromViewController.h; sourceTree = "<group>"; };
		ECFFD9741D2A5BCB006C7A62 /* TransitionFromViewController.m */ = {isa = PBXFileReference; fileEncoding = 4; lastKnownFileType = sourcecode.c.objc; path = TransitionFromViewController.m; sourceTree = "<group>"; };
/* End PBXFileReference section */

/* Begin PBXFrameworksBuildPhase section */
		EC99F1BE1D20AB430076E1F3 /* Frameworks */ = {
			isa = PBXFrameworksBuildPhase;
			buildActionMask = 2147483647;
			files = (
			);
			runOnlyForDeploymentPostprocessing = 0;
		};
/* End PBXFrameworksBuildPhase section */

/* Begin PBXGroup section */
		EC6038081D224CDC0097FE81 /* CoreTextFrameWork */ = {
			isa = PBXGroup;
			children = (
				EC6038091D224D040097FE81 /* CTFrameParserConfig.h */,
				EC60380A1D224D040097FE81 /* CTFrameParserConfig.m */,
				EC60380C1D224E310097FE81 /* CTFrameParser.h */,
				EC60380D1D224E310097FE81 /* CTFrameParser.m */,
				ECD7BEF71D2358AB007787CF /* CoreTextImageData.h */,
				ECD7BEF81D2358AB007787CF /* CoreTextImageData.m */,
				ECD7BF121D23AF4D007787CF /* CoreTextLinkData.h */,
				ECD7BF131D23AF4D007787CF /* CoreTextLinkData.m */,
				EC60380F1D22556C0097FE81 /* CoreTextData.h */,
				EC6038101D22556C0097FE81 /* CoreTextData.m */,
				EC6038121D2257010097FE81 /* CTDisplayView.h */,
				EC6038131D2257010097FE81 /* CTDisplayView.m */,
				ECD7BF151D23B24F007787CF /* CoreTextUtils.h */,
				ECD7BF161D23B24F007787CF /* CoreTextUtils.m */,
			);
			path = CoreTextFrameWork;
			sourceTree = "<group>";
		};
		EC6038151D22672D0097FE81 /* CategoryMethod */ = {
			isa = PBXGroup;
			children = (
				EC6038161D2267450097FE81 /* UIView+AddFunc.h */,
				EC6038171D2267450097FE81 /* UIView+AddFunc.m */,
				617587FC1D27EE1E00DBD118 /* UIViewController+Dealloc.h */,
				617587FD1D27EE1E00DBD118 /* UIViewController+Dealloc.m */,
				6138B65A1D320000006D31B6 /* UnityTool.h */,
				6138B65B1D320000006D31B6 /* UnityTool.m */,
				EC7153801D3643C00020A9AD /* UIColor+Hex.h */,
				EC7153811D3643C00020A9AD /* UIColor+Hex.m */,
				ECB960F51D375CCC00005C3F /* YLImageScrollView.h */,
				ECB960F61D375CCC00005C3F /* YLImageScrollView.m */,
				ECD25B051D3C9E5800388F5F /* MyCustomCollectionViewLayout.h */,
				ECD25B061D3C9E5800388F5F /* MyCustomCollectionViewLayout.m */,
			);
			path = CategoryMethod;
			sourceTree = "<group>";
		};
		EC99F1B81D20AB430076E1F3 = {
			isa = PBXGroup;
			children = (
				EC6038071D22463C0097FE81 /* CoreText-Prefix.pch */,
				ECD7BF0E1D23A51B007787CF /* headers.h */,
				EC6038191D227D110097FE81 /* modelData */,
				ECD25ACF1D3C7C3800388F5F /* libs */,
				EC99F1C31D20AB440076E1F3 /* CoreTextDemo */,
				EC99F1C21D20AB440076E1F3 /* Products */,
			);
			sourceTree = "<group>";
		};
		EC99F1C21D20AB440076E1F3 /* Products */ = {
			isa = PBXGroup;
			children = (
				EC99F1C11D20AB440076E1F3 /* CoreTextDemo.app */,
			);
			name = Products;
			sourceTree = "<group>";
		};
		EC99F1C31D20AB440076E1F3 /* CoreTextDemo */ = {
			isa = PBXGroup;
			children = (
				ECFFD9601D2A0B1C006C7A62 /* TransitionAnimation */,
				EC6038151D22672D0097FE81 /* CategoryMethod */,
				ECD7BF0A1D23A1B0007787CF /* ViewControllers */,
				EC6038081D224CDC0097FE81 /* CoreTextFrameWork */,
				EC99F1C71D20AB440076E1F3 /* AppDelegate.h */,
				EC99F1C81D20AB440076E1F3 /* AppDelegate.m */,
				EC99F1CA1D20AB440076E1F3 /* ViewController.h */,
				EC99F1CB1D20AB440076E1F3 /* ViewController.m */,
				EC99F1DB1D20B8990076E1F3 /* CTView.h */,
				EC99F1DC1D20B8990076E1F3 /* CTView.m */,
				EC99F1E11D212CAF0076E1F3 /* CTAPIView.h */,
				EC99F1E21D212CAF0076E1F3 /* CTAPIView.m */,
				EC99F1CD1D20AB440076E1F3 /* Main.storyboard */,
				ECD7BEFF1D23944F007787CF /* Resource */,
				EC99F1D01D20AB440076E1F3 /* Assets.xcassets */,
				EC99F1D21D20AB440076E1F3 /* LaunchScreen.storyboard */,
				EC99F1D51D20AB440076E1F3 /* Info.plist */,
				EC99F1C41D20AB440076E1F3 /* Supporting Files */,
			);
			path = CoreTextDemo;
			sourceTree = "<group>";
		};
		EC99F1C41D20AB440076E1F3 /* Supporting Files */ = {
			isa = PBXGroup;
			children = (
				EC99F1C51D20AB440076E1F3 /* main.m */,
			);
			name = "Supporting Files";
			sourceTree = "<group>";
		};
		EC9BA4261D2654FA00810A21 /* HeadImageController */ = {
			isa = PBXGroup;
			children = (
				EC9BA4271D26550D00810A21 /* HeadImageController.h */,
				EC9BA4281D26550D00810A21 /* HeadImageController.m */,
			);
			path = HeadImageController;
			sourceTree = "<group>";
		};
		ECBB494C1D251D9D00359C31 /* Views */ = {
			isa = PBXGroup;
			children = (
				ECBB494D1D251DB000359C31 /* AttributeStringView.h */,
				ECBB494E1D251DB000359C31 /* AttributeStringView.m */,
			);
			path = Views;
			sourceTree = "<group>";
		};
		ECD25ACF1D3C7C3800388F5F /* libs */ = {
			isa = PBXGroup;
			children = (
				ECD25AD01D3C7C5000388F5F /* SDWebImage */,
			);
			path = libs;
			sourceTree = "<group>";
		};
		ECD25AD01D3C7C5000388F5F /* SDWebImage */ = {
			isa = PBXGroup;
			children = (
				ECD25AD11D3C7C5000388F5F /* MKAnnotationView+WebCache.h */,
				ECD25AD21D3C7C5000388F5F /* MKAnnotationView+WebCache.m */,
				ECD25AD31D3C7C5000388F5F /* NSData+ImageContentType.h */,
				ECD25AD41D3C7C5000388F5F /* NSData+ImageContentType.m */,
				ECD25AD51D3C7C5000388F5F /* SDImageCache.h */,
				ECD25AD61D3C7C5000388F5F /* SDImageCache.m */,
				ECD25AD71D3C7C5000388F5F /* SDWebImageCompat.h */,
				ECD25AD81D3C7C5000388F5F /* SDWebImageCompat.m */,
				ECD25AD91D3C7C5000388F5F /* SDWebImageDecoder.h */,
				ECD25ADA1D3C7C5000388F5F /* SDWebImageDecoder.m */,
				ECD25ADB1D3C7C5000388F5F /* SDWebImageDownloader.h */,
				ECD25ADC1D3C7C5000388F5F /* SDWebImageDownloader.m */,
				ECD25ADD1D3C7C5000388F5F /* SDWebImageDownloaderOperation.h */,
				ECD25ADE1D3C7C5000388F5F /* SDWebImageDownloaderOperation.m */,
				ECD25ADF1D3C7C5000388F5F /* SDWebImageManager.h */,
				ECD25AE01D3C7C5000388F5F /* SDWebImageManager.m */,
				ECD25AE11D3C7C5000388F5F /* SDWebImageOperation.h */,
				ECD25AE21D3C7C5000388F5F /* SDWebImagePrefetcher.h */,
				ECD25AE31D3C7C5000388F5F /* SDWebImagePrefetcher.m */,
				ECD25AE41D3C7C5000388F5F /* UIButton+WebCache.h */,
				ECD25AE51D3C7C5000388F5F /* UIButton+WebCache.m */,
				ECD25AE61D3C7C5000388F5F /* UIImage+GIF.h */,
				ECD25AE71D3C7C5000388F5F /* UIImage+GIF.m */,
				ECD25AE81D3C7C5000388F5F /* UIImage+MultiFormat.h */,
				ECD25AE91D3C7C5000388F5F /* UIImage+MultiFormat.m */,
				ECD25AEA1D3C7C5000388F5F /* UIImage+WebP.h */,
				ECD25AEB1D3C7C5000388F5F /* UIImage+WebP.m */,
				ECD25AEC1D3C7C5000388F5F /* UIImageView+HighlightedWebCache.h */,
				ECD25AED1D3C7C5000388F5F /* UIImageView+HighlightedWebCache.m */,
				ECD25AEE1D3C7C5000388F5F /* UIImageView+WebCache.h */,
				ECD25AEF1D3C7C5000388F5F /* UIImageView+WebCache.m */,
				ECD25AF01D3C7C5000388F5F /* UIView+WebCacheOperation.h */,
				ECD25AF11D3C7C5000388F5F /* UIView+WebCacheOperation.m */,
			);
			path = SDWebImage;
			sourceTree = "<group>";
		};
		ECD7BEFF1D23944F007787CF /* Resource */ = {
			isa = PBXGroup;
			children = (
				ECD7BF061D239762007787CF /* gtl.jpg */,
				ECD7BF071D239762007787CF /* lrt.jpg */,
				ECD7BF001D23948D007787CF /* exp.png */,
				ECD7BF011D23948D007787CF /* QRcode.png */,
				ECD7BF021D23948D007787CF /* sdxl.jpg */,
			);
			path = Resource;
			sourceTree = "<group>";
		};
		ECD7BF0A1D23A1B0007787CF /* ViewControllers */ = {
			isa = PBXGroup;
			children = (
				EC9BA4261D2654FA00810A21 /* HeadImageController */,
				ECBB494C1D251D9D00359C31 /* Views */,
				ECBB49491D251C2200359C31 /* BasicViewController.h */,
				ECBB494A1D251C2200359C31 /* BasicViewController.m */,
				ECD7BF0B1D23A231007787CF /* ScanImageViewController.h */,
				ECD7BF0C1D23A231007787CF /* ScanImageViewController.m */,
				ECD7BF1B1D23C394007787CF /* LinkWebController.h */,
				ECD7BF1C1D23C394007787CF /* LinkWebController.m */,
				ECBB49421D2516E100359C31 /* CoreTextViewController.h */,
				ECBB49431D2516E100359C31 /* CoreTextViewController.m */,
				ECBB49461D251B5300359C31 /* AttributeStringController.h */,
				ECBB49471D251B5300359C31 /* AttributeStringController.m */,
				EC9BA42A1D265BCC00810A21 /* ImageViewController.h */,
				EC9BA42B1D265BCC00810A21 /* ImageViewController.m */,
				ECFFD95D1D29FE4F006C7A62 /* ImageCollectionController.h */,
				ECFFD95E1D29FE50006C7A62 /* ImageCollectionController.m */,
				ECD25B021D3C9AA100388F5F /* CollectionViewController.h */,
				ECD25B031D3C9AA100388F5F /* CollectionViewController.m */,
			);
			path = ViewControllers;
			sourceTree = "<group>";
		};
		ECFFD9601D2A0B1C006C7A62 /* TransitionAnimation */ = {
			isa = PBXGroup;
			children = (
				ECFFD9611D2A0BB2006C7A62 /* FirstViewController.h */,
				ECFFD9621D2A0BB2006C7A62 /* FirstViewController.m */,
				ECFFD9641D2A0BC1006C7A62 /* SecondViewController.h */,
				ECFFD9651D2A0BC1006C7A62 /* SecondViewController.m */,
				ECFFD9671D2A0D59006C7A62 /* PresentOneTransition.h */,
				ECFFD9681D2A0D59006C7A62 /* PresentOneTransition.m */,
				ECFFD96D1D2A570B006C7A62 /* TransitionAnimationOBJ.h */,
				ECFFD96E1D2A570B006C7A62 /* TransitionAnimationOBJ.m */,
				ECFFD9731D2A5BCB006C7A62 /* TransitionFromViewController.h */,
				ECFFD9741D2A5BCB006C7A62 /* TransitionFromViewController.m */,
				ECFFD9701D2A5BB9006C7A62 /* TransitionToViewController.h */,
				ECFFD9711D2A5BB9006C7A62 /* TransitionToViewController.m */,
				ECFFD96A1D2A2F13006C7A62 /* InteractiveTransition.h */,
				ECFFD96B1D2A2F13006C7A62 /* InteractiveTransition.m */,
			);
			path = TransitionAnimation;
			sourceTree = "<group>";
		};
/* End PBXGroup section */

/* Begin PBXNativeTarget section */
		EC99F1C01D20AB430076E1F3 /* CoreTextDemo */ = {
			isa = PBXNativeTarget;
			buildConfigurationList = EC99F1D81D20AB440076E1F3 /* Build configuration list for PBXNativeTarget "CoreTextDemo" */;
			buildPhases = (
				EC99F1BD1D20AB430076E1F3 /* Sources */,
				EC99F1BE1D20AB430076E1F3 /* Frameworks */,
				EC99F1BF1D20AB430076E1F3 /* Resources */,
			);
			buildRules = (
			);
			dependencies = (
			);
			name = CoreTextDemo;
			productName = CoreTextDemo;
			productReference = EC99F1C11D20AB440076E1F3 /* CoreTextDemo.app */;
			productType = "com.apple.product-type.application";
		};
/* End PBXNativeTarget section */

/* Begin PBXProject section */
		EC99F1B91D20AB430076E1F3 /* Project object */ = {
			isa = PBXProject;
			attributes = {
				LastUpgradeCheck = 0730;
				ORGANIZATIONNAME = XXL;
				TargetAttributes = {
					EC99F1C01D20AB430076E1F3 = {
						CreatedOnToolsVersion = 7.3.1;
						DevelopmentTeam = KZ2AE2A82P;
					};
				};
			};
			buildConfigurationList = EC99F1BC1D20AB430076E1F3 /* Build configuration list for PBXProject "CoreTextDemo" */;
			compatibilityVersion = "Xcode 3.2";
			developmentRegion = English;
			hasScannedForEncodings = 0;
			knownRegions = (
				en,
				Base,
			);
			mainGroup = EC99F1B81D20AB430076E1F3;
			productRefGroup = EC99F1C21D20AB440076E1F3 /* Products */;
			projectDirPath = "";
			projectRoot = "";
			targets = (
				EC99F1C01D20AB430076E1F3 /* CoreTextDemo */,
			);
		};
/* End PBXProject section */

/* Begin PBXResourcesBuildPhase section */
		EC99F1BF1D20AB430076E1F3 /* Resources */ = {
			isa = PBXResourcesBuildPhase;
			buildActionMask = 2147483647;
			files = (
				ECD7BF031D23948D007787CF /* exp.png in Resources */,
				EC99F1D41D20AB440076E1F3 /* LaunchScreen.storyboard in Resources */,
				ECD7BF051D23948D007787CF /* sdxl.jpg in Resources */,
				EC60381A1D227D110097FE81 /* modelData in Resources */,
				EC99F1D11D20AB440076E1F3 /* Assets.xcassets in Resources */,
				ECD7BF081D239762007787CF /* gtl.jpg in Resources */,
				ECD7BF091D239762007787CF /* lrt.jpg in Resources */,
				EC99F1CF1D20AB440076E1F3 /* Main.storyboard in Resources */,
				ECD7BF041D23948D007787CF /* QRcode.png in Resources */,
			);
			runOnlyForDeploymentPostprocessing = 0;
		};
/* End PBXResourcesBuildPhase section */

/* Begin PBXSourcesBuildPhase section */
		EC99F1BD1D20AB430076E1F3 /* Sources */ = {
			isa = PBXSourcesBuildPhase;
			buildActionMask = 2147483647;
			files = (
				ECFFD9661D2A0BC1006C7A62 /* SecondViewController.m in Sources */,
				ECFFD9691D2A0D59006C7A62 /* PresentOneTransition.m in Sources */,
				ECD7BEF91D2358AB007787CF /* CoreTextImageData.m in Sources */,
				ECD25AF91D3C7C5000388F5F /* SDWebImageManager.m in Sources */,
				ECFFD95F1D29FE50006C7A62 /* ImageCollectionController.m in Sources */,
				ECBB49441D2516E100359C31 /* CoreTextViewController.m in Sources */,
				ECFFD96F1D2A570B006C7A62 /* TransitionAnimationOBJ.m in Sources */,
				ECD25AFD1D3C7C5000388F5F /* UIImage+MultiFormat.m in Sources */,
				EC99F1E31D212CAF0076E1F3 /* CTAPIView.m in Sources */,
				ECD25AF71D3C7C5000388F5F /* SDWebImageDownloader.m in Sources */,
				EC9BA4291D26550D00810A21 /* HeadImageController.m in Sources */,
				ECD25AFE1D3C7C5000388F5F /* UIImage+WebP.m in Sources */,
				EC9BA42C1D265BCC00810A21 /* ImageViewController.m in Sources */,
				EC6038141D2257010097FE81 /* CTDisplayView.m in Sources */,
				ECFFD9631D2A0BB2006C7A62 /* FirstViewController.m in Sources */,
				ECD7BF171D23B24F007787CF /* CoreTextUtils.m in Sources */,
				ECD25AFF1D3C7C5000388F5F /* UIImageView+HighlightedWebCache.m in Sources */,
				ECD25AF61D3C7C5000388F5F /* SDWebImageDecoder.m in Sources */,
				ECD25B041D3C9AA100388F5F /* CollectionViewController.m in Sources */,
				ECD25AFA1D3C7C5000388F5F /* SDWebImagePrefetcher.m in Sources */,
				ECD7BF0D1D23A231007787CF /* ScanImageViewController.m in Sources */,
				ECFFD9751D2A5BCB006C7A62 /* TransitionFromViewController.m in Sources */,
				EC6038111D22556C0097FE81 /* CoreTextData.m in Sources */,
				EC99F1CC1D20AB440076E1F3 /* ViewController.m in Sources */,
				ECB960F71D375CCC00005C3F /* YLImageScrollView.m in Sources */,
				ECFFD96C1D2A2F13006C7A62 /* InteractiveTransition.m in Sources */,
				ECD25AFC1D3C7C5000388F5F /* UIImage+GIF.m in Sources */,
				ECD25B001D3C7C5000388F5F /* UIImageView+WebCache.m in Sources */,
				ECD25B071D3C9E5800388F5F /* MyCustomCollectionViewLayout.m in Sources */,
				EC99F1DD1D20B8990076E1F3 /* CTView.m in Sources */,
				ECD25AF41D3C7C5000388F5F /* SDImageCache.m in Sources */,
				ECFFD9721D2A5BB9006C7A62 /* TransitionToViewController.m in Sources */,
				EC99F1C91D20AB440076E1F3 /* AppDelegate.m in Sources */,
				6138B65C1D320000006D31B6 /* UnityTool.m in Sources */,
				EC7153821D3643C00020A9AD /* UIColor+Hex.m in Sources */,
				ECD25AF81D3C7C5000388F5F /* SDWebImageDownloaderOperation.m in Sources */,
				EC99F1C61D20AB440076E1F3 /* main.m in Sources */,
				617587FE1D27EE1E00DBD118 /* UIViewController+Dealloc.m in Sources */,
				ECD25AF51D3C7C5000388F5F /* SDWebImageCompat.m in Sources */,
				ECD25AF31D3C7C5000388F5F /* NSData+ImageContentType.m in Sources */,
				EC6038181D2267450097FE81 /* UIView+AddFunc.m in Sources */,
				ECD7BF141D23AF4D007787CF /* CoreTextLinkData.m in Sources */,
				EC60380E1D224E310097FE81 /* CTFrameParser.m in Sources */,
				ECD25AFB1D3C7C5000388F5F /* UIButton+WebCache.m in Sources */,
				ECBB49481D251B5300359C31 /* AttributeStringController.m in Sources */,
				ECD7BF1D1D23C394007787CF /* LinkWebController.m in Sources */,
				EC60380B1D224D040097FE81 /* CTFrameParserConfig.m in Sources */,
				ECD25B011D3C7C5000388F5F /* UIView+WebCacheOperation.m in Sources */,
				ECD25AF21D3C7C5000388F5F /* MKAnnotationView+WebCache.m in Sources */,
				ECBB494F1D251DB000359C31 /* AttributeStringView.m in Sources */,
				ECBB494B1D251C2200359C31 /* BasicViewController.m in Sources */,
			);
			runOnlyForDeploymentPostprocessing = 0;
		};
/* End PBXSourcesBuildPhase section */

/* Begin PBXVariantGroup section */
		EC99F1CD1D20AB440076E1F3 /* Main.storyboard */ = {
			isa = PBXVariantGroup;
			children = (
				EC99F1CE1D20AB440076E1F3 /* Base */,
			);
			name = Main.storyboard;
			sourceTree = "<group>";
		};
		EC99F1D21D20AB440076E1F3 /* LaunchScreen.storyboard */ = {
			isa = PBXVariantGroup;
			children = (
				EC99F1D31D20AB440076E1F3 /* Base */,
			);
			name = LaunchScreen.storyboard;
			sourceTree = "<group>";
		};
/* End PBXVariantGroup section */

/* Begin XCBuildConfiguration section */
		EC99F1D61D20AB440076E1F3 /* Debug */ = {
			isa = XCBuildConfiguration;
			buildSettings = {
				ALWAYS_SEARCH_USER_PATHS = NO;
				CLANG_ANALYZER_NONNULL = YES;
				CLANG_CXX_LANGUAGE_STANDARD = "gnu++0x";
				CLANG_CXX_LIBRARY = "libc++";
				CLANG_ENABLE_MODULES = YES;
				CLANG_ENABLE_OBJC_ARC = YES;
				CLANG_WARN_BOOL_CONVERSION = YES;
				CLANG_WARN_CONSTANT_CONVERSION = YES;
				CLANG_WARN_DIRECT_OBJC_ISA_USAGE = YES_ERROR;
				CLANG_WARN_EMPTY_BODY = YES;
				CLANG_WARN_ENUM_CONVERSION = YES;
				CLANG_WARN_INT_CONVERSION = YES;
				CLANG_WARN_OBJC_ROOT_CLASS = YES_ERROR;
				CLANG_WARN_UNREACHABLE_CODE = YES;
				CLANG_WARN__DUPLICATE_METHOD_MATCH = YES;
				"CODE_SIGN_IDENTITY[sdk=iphoneos*]" = "iPhone Developer";
				COPY_PHASE_STRIP = NO;
				DEBUG_INFORMATION_FORMAT = dwarf;
				ENABLE_STRICT_OBJC_MSGSEND = YES;
				ENABLE_TESTABILITY = YES;
				GCC_C_LANGUAGE_STANDARD = gnu99;
				GCC_DYNAMIC_NO_PIC = NO;
				GCC_NO_COMMON_BLOCKS = YES;
				GCC_OPTIMIZATION_LEVEL = 0;
				GCC_PREPROCESSOR_DEFINITIONS = (
					"DEBUG=1",
					"$(inherited)",
				);
				GCC_WARN_64_TO_32_BIT_CONVERSION = YES;
				GCC_WARN_ABOUT_RETURN_TYPE = YES_ERROR;
				GCC_WARN_UNDECLARED_SELECTOR = YES;
				GCC_WARN_UNINITIALIZED_AUTOS = YES_AGGRESSIVE;
				GCC_WARN_UNUSED_FUNCTION = YES;
				GCC_WARN_UNUSED_VARIABLE = YES;
				IPHONEOS_DEPLOYMENT_TARGET = 9.3;
				MTL_ENABLE_DEBUG_INFO = YES;
				ONLY_ACTIVE_ARCH = YES;
				SDKROOT = iphoneos;
				TARGETED_DEVICE_FAMILY = "1,2";
			};
			name = Debug;
		};
		EC99F1D71D20AB440076E1F3 /* Release */ = {
			isa = XCBuildConfiguration;
			buildSettings = {
				ALWAYS_SEARCH_USER_PATHS = NO;
				CLANG_ANALYZER_NONNULL = YES;
				CLANG_CXX_LANGUAGE_STANDARD = "gnu++0x";
				CLANG_CXX_LIBRARY = "libc++";
				CLANG_ENABLE_MODULES = YES;
				CLANG_ENABLE_OBJC_ARC = YES;
				CLANG_WARN_BOOL_CONVERSION = YES;
				CLANG_WARN_CONSTANT_CONVERSION = YES;
				CLANG_WARN_DIRECT_OBJC_ISA_USAGE = YES_ERROR;
				CLANG_WARN_EMPTY_BODY = YES;
				CLANG_WARN_ENUM_CONVERSION = YES;
				CLANG_WARN_INT_CONVERSION = YES;
				CLANG_WARN_OBJC_ROOT_CLASS = YES_ERROR;
				CLANG_WARN_UNREACHABLE_CODE = YES;
				CLANG_WARN__DUPLICATE_METHOD_MATCH = YES;
				"CODE_SIGN_IDENTITY[sdk=iphoneos*]" = "iPhone Developer";
				COPY_PHASE_STRIP = NO;
				DEBUG_INFORMATION_FORMAT = "dwarf-with-dsym";
				ENABLE_NS_ASSERTIONS = NO;
				ENABLE_STRICT_OBJC_MSGSEND = YES;
				GCC_C_LANGUAGE_STANDARD = gnu99;
				GCC_NO_COMMON_BLOCKS = YES;
				GCC_WARN_64_TO_32_BIT_CONVERSION = YES;
				GCC_WARN_ABOUT_RETURN_TYPE = YES_ERROR;
				GCC_WARN_UNDECLARED_SELECTOR = YES;
				GCC_WARN_UNINITIALIZED_AUTOS = YES_AGGRESSIVE;
				GCC_WARN_UNUSED_FUNCTION = YES;
				GCC_WARN_UNUSED_VARIABLE = YES;
				IPHONEOS_DEPLOYMENT_TARGET = 9.3;
				MTL_ENABLE_DEBUG_INFO = NO;
				SDKROOT = iphoneos;
				TARGETED_DEVICE_FAMILY = "1,2";
				VALIDATE_PRODUCT = YES;
			};
			name = Release;
		};
		EC99F1D91D20AB440076E1F3 /* Debug */ = {
			isa = XCBuildConfiguration;
			buildSettings = {
				ASSETCATALOG_COMPILER_APPICON_NAME = AppIcon;
				CODE_SIGN_IDENTITY = "iPhone Developer";
				"CODE_SIGN_IDENTITY[sdk=iphoneos*]" = "iPhone Developer";
				GCC_PRECOMPILE_PREFIX_HEADER = YES;
				GCC_PREFIX_HEADER = "$(SRCROOT)/CoreText-Prefix.pch";
				INFOPLIST_FILE = CoreTextDemo/Info.plist;
				IPHONEOS_DEPLOYMENT_TARGET = 7.1;
				LD_RUNPATH_SEARCH_PATHS = "$(inherited) @executable_path/Frameworks";
				PRODUCT_BUNDLE_IDENTIFIER = com.xiexiaolong.CoreTextDemo;
				PRODUCT_NAME = "$(TARGET_NAME)";
				PROVISIONING_PROFILE = "";
				TARGETED_DEVICE_FAMILY = "1,2";
			};
			name = Debug;
		};
		EC99F1DA1D20AB440076E1F3 /* Release */ = {
			isa = XCBuildConfiguration;
			buildSettings = {
				ASSETCATALOG_COMPILER_APPICON_NAME = AppIcon;
				CODE_SIGN_IDENTITY = "iPhone Developer";
				"CODE_SIGN_IDENTITY[sdk=iphoneos*]" = "iPhone Developer";
				GCC_PRECOMPILE_PREFIX_HEADER = YES;
				GCC_PREFIX_HEADER = "$(SRCROOT)/CoreText-Prefix.pch";
				INFOPLIST_FILE = CoreTextDemo/Info.plist;
				IPHONEOS_DEPLOYMENT_TARGET = 7.1;
				LD_RUNPATH_SEARCH_PATHS = "$(inherited) @executable_path/Frameworks";
				PRODUCT_BUNDLE_IDENTIFIER = com.xiexiaolong.CoreTextDemo;
				PRODUCT_NAME = "$(TARGET_NAME)";
				PROVISIONING_PROFILE = "";
				TARGETED_DEVICE_FAMILY = "1,2";
			};
			name = Release;
		};
/* End XCBuildConfiguration section */

/* Begin XCConfigurationList section */
		EC99F1BC1D20AB430076E1F3 /* Build configuration list for PBXProject "CoreTextDemo" */ = {
			isa = XCConfigurationList;
			buildConfigurations = (
				EC99F1D61D20AB440076E1F3 /* Debug */,
				EC99F1D71D20AB440076E1F3 /* Release */,
			);
			defaultConfigurationIsVisible = 0;
			defaultConfigurationName = Release;
		};
		EC99F1D81D20AB440076E1F3 /* Build configuration list for PBXNativeTarget "CoreTextDemo" */ = {
			isa = XCConfigurationList;
			buildConfigurations = (
				EC99F1D91D20AB440076E1F3 /* Debug */,
				EC99F1DA1D20AB440076E1F3 /* Release */,
			);
			defaultConfigurationIsVisible = 0;
			defaultConfigurationName = Release;
		};
/* End XCConfigurationList section */
	};
	rootObject = EC99F1B91D20AB430076E1F3 /* Project object */;
}
