// !$*UTF8*$!
{
	archiveVersion = 1;
	classes = {
	};
	objectVersion = 46;
	objects = {

/* Begin PBXBuildFile section */
		EC60380B1D224D040097FE81 /* CTFrameParserConfig.m in Sources */ = {isa = PBXBuildFile; fileRef = EC60380A1D224D040097FE81 /* CTFrameParserConfig.m */; };
		EC60380E1D224E310097FE81 /* CTFrameParser.m in Sources */ = {isa = PBXBuildFile; fileRef = EC60380D1D224E310097FE81 /* CTFrameParser.m */; };
		EC6038111D22556C0097FE81 /* CoreTextData.m in Sources */ = {isa = PBXBuildFile; fileRef = EC6038101D22556C0097FE81 /* CoreTextData.m */; };
		EC6038141D2257010097FE81 /* CTDisplayView.m in Sources */ = {isa = PBXBuildFile; fileRef = EC6038131D2257010097FE81 /* CTDisplayView.m */; };
		EC6038181D2267450097FE81 /* UIView+SetFrame.m in Sources */ = {isa = PBXBuildFile; fileRef = EC6038171D2267450097FE81 /* UIView+SetFrame.m */; };
		EC60381A1D227D110097FE81 /* modelData in Resources */ = {isa = PBXBuildFile; fileRef = EC6038191D227D110097FE81 /* modelData */; };
		EC99F1C61D20AB440076E1F3 /* main.m in Sources */ = {isa = PBXBuildFile; fileRef = EC99F1C51D20AB440076E1F3 /* main.m */; };
		EC99F1C91D20AB440076E1F3 /* AppDelegate.m in Sources */ = {isa = PBXBuildFile; fileRef = EC99F1C81D20AB440076E1F3 /* AppDelegate.m */; };
		EC99F1CC1D20AB440076E1F3 /* ViewController.m in Sources */ = {isa = PBXBuildFile; fileRef = EC99F1CB1D20AB440076E1F3 /* ViewController.m */; };
		EC99F1CF1D20AB440076E1F3 /* Main.storyboard in Resources */ = {isa = PBXBuildFile; fileRef = EC99F1CD1D20AB440076E1F3 /* Main.storyboard */; };
		EC99F1D11D20AB440076E1F3 /* Assets.xcassets in Resources */ = {isa = PBXBuildFile; fileRef = EC99F1D01D20AB440076E1F3 /* Assets.xcassets */; };
		EC99F1D41D20AB440076E1F3 /* LaunchScreen.storyboard in Resources */ = {isa = PBXBuildFile; fileRef = EC99F1D21D20AB440076E1F3 /* LaunchScreen.storyboard */; };
		EC99F1DD1D20B8990076E1F3 /* CTView.m in Sources */ = {isa = PBXBuildFile; fileRef = EC99F1DC1D20B8990076E1F3 /* CTView.m */; };
		EC99F1DF1D20CD2E0076E1F3 /* exp.png in Resources */ = {isa = PBXBuildFile; fileRef = EC99F1DE1D20CD2E0076E1F3 /* exp.png */; };
		EC99F1E31D212CAF0076E1F3 /* CTAPIView.m in Sources */ = {isa = PBXBuildFile; fileRef = EC99F1E21D212CAF0076E1F3 /* CTAPIView.m */; };
/* End PBXBuildFile section */

/* Begin PBXFileReference section */
		EC6038071D22463C0097FE81 /* CoreText-Prefix.pch */ = {isa = PBXFileReference; fileEncoding = 4; lastKnownFileType = sourcecode.c.h; path = "CoreText-Prefix.pch"; sourceTree = "<group>"; };
		EC6038091D224D040097FE81 /* CTFrameParserConfig.h */ = {isa = PBXFileReference; fileEncoding = 4; lastKnownFileType = sourcecode.c.h; path = CTFrameParserConfig.h; sourceTree = "<group>"; };
		EC60380A1D224D040097FE81 /* CTFrameParserConfig.m */ = {isa = PBXFileReference; fileEncoding = 4; lastKnownFileType = sourcecode.c.objc; path = CTFrameParserConfig.m; sourceTree = "<group>"; };
		EC60380C1D224E310097FE81 /* CTFrameParser.h */ = {isa = PBXFileReference; fileEncoding = 4; lastKnownFileType = sourcecode.c.h; path = CTFrameParser.h; sourceTree = "<group>"; };
		EC60380D1D224E310097FE81 /* CTFrameParser.m */ = {isa = PBXFileReference; fileEncoding = 4; lastKnownFileType = sourcecode.c.objc; path = CTFrameParser.m; sourceTree = "<group>"; };
		EC60380F1D22556C0097FE81 /* CoreTextData.h */ = {isa = PBXFileReference; fileEncoding = 4; lastKnownFileType = sourcecode.c.h; path = CoreTextData.h; sourceTree = "<group>"; };
		EC6038101D22556C0097FE81 /* CoreTextData.m */ = {isa = PBXFileReference; fileEncoding = 4; lastKnownFileType = sourcecode.c.objc; path = CoreTextData.m; sourceTree = "<group>"; };
		EC6038121D2257010097FE81 /* CTDisplayView.h */ = {isa = PBXFileReference; fileEncoding = 4; lastKnownFileType = sourcecode.c.h; path = CTDisplayView.h; sourceTree = "<group>"; };
		EC6038131D2257010097FE81 /* CTDisplayView.m */ = {isa = PBXFileReference; fileEncoding = 4; lastKnownFileType = sourcecode.c.objc; path = CTDisplayView.m; sourceTree = "<group>"; };
		EC6038161D2267450097FE81 /* UIView+SetFrame.h */ = {isa = PBXFileReference; fileEncoding = 4; lastKnownFileType = sourcecode.c.h; path = "UIView+SetFrame.h"; sourceTree = "<group>"; };
		EC6038171D2267450097FE81 /* UIView+SetFrame.m */ = {isa = PBXFileReference; fileEncoding = 4; lastKnownFileType = sourcecode.c.objc; path = "UIView+SetFrame.m"; sourceTree = "<group>"; };
		EC6038191D227D110097FE81 /* modelData */ = {isa = PBXFileReference; fileEncoding = 4; lastKnownFileType = text; name = modelData; path = CoreTextDemo/modelData; sourceTree = "<group>"; };
		EC99F1C11D20AB440076E1F3 /* CoreTextDemo.app */ = {isa = PBXFileReference; explicitFileType = wrapper.application; includeInIndex = 0; path = CoreTextDemo.app; sourceTree = BUILT_PRODUCTS_DIR; };
		EC99F1C51D20AB440076E1F3 /* main.m */ = {isa = PBXFileReference; lastKnownFileType = sourcecode.c.objc; path = main.m; sourceTree = "<group>"; };
		EC99F1C71D20AB440076E1F3 /* AppDelegate.h */ = {isa = PBXFileReference; lastKnownFileType = sourcecode.c.h; path = AppDelegate.h; sourceTree = "<group>"; };
		EC99F1C81D20AB440076E1F3 /* AppDelegate.m */ = {isa = PBXFileReference; lastKnownFileType = sourcecode.c.objc; path = AppDelegate.m; sourceTree = "<group>"; };
		EC99F1CA1D20AB440076E1F3 /* ViewController.h */ = {isa = PBXFileReference; lastKnownFileType = sourcecode.c.h; path = ViewController.h; sourceTree = "<group>"; };
		EC99F1CB1D20AB440076E1F3 /* ViewController.m */ = {isa = PBXFileReference; lastKnownFileType = sourcecode.c.objc; path = ViewController.m; sourceTree = "<group>"; };
		EC99F1CE1D20AB440076E1F3 /* Base */ = {isa = PBXFileReference; lastKnownFileType = file.storyboard; name = Base; path = Base.lproj/Main.storyboard; sourceTree = "<group>"; };
		EC99F1D01D20AB440076E1F3 /* Assets.xcassets */ = {isa = PBXFileReference; lastKnownFileType = folder.assetcatalog; path = Assets.xcassets; sourceTree = "<group>"; };
		EC99F1D31D20AB440076E1F3 /* Base */ = {isa = PBXFileReference; lastKnownFileType = file.storyboard; name = Base; path = Base.lproj/LaunchScreen.storyboard; sourceTree = "<group>"; };
		EC99F1D51D20AB440076E1F3 /* Info.plist */ = {isa = PBXFileReference; lastKnownFileType = text.plist.xml; path = Info.plist; sourceTree = "<group>"; };
		EC99F1DB1D20B8990076E1F3 /* CTView.h */ = {isa = PBXFileReference; fileEncoding = 4; lastKnownFileType = sourcecode.c.h; path = CTView.h; sourceTree = "<group>"; };
		EC99F1DC1D20B8990076E1F3 /* CTView.m */ = {isa = PBXFileReference; fileEncoding = 4; lastKnownFileType = sourcecode.c.objc; path = CTView.m; sourceTree = "<group>"; };
		EC99F1DE1D20CD2E0076E1F3 /* exp.png */ = {isa = PBXFileReference; lastKnownFileType = image.png; path = exp.png; sourceTree = "<group>"; };
		EC99F1E11D212CAF0076E1F3 /* CTAPIView.h */ = {isa = PBXFileReference; fileEncoding = 4; lastKnownFileType = sourcecode.c.h; path = CTAPIView.h; sourceTree = "<group>"; };
		EC99F1E21D212CAF0076E1F3 /* CTAPIView.m */ = {isa = PBXFileReference; fileEncoding = 4; lastKnownFileType = sourcecode.c.objc; path = CTAPIView.m; sourceTree = "<group>"; };
/* End PBXFileReference section */

/* Begin PBXFrameworksBuildPhase section */
		EC99F1BE1D20AB430076E1F3 /* Frameworks */ = {
			isa = PBXFrameworksBuildPhase;
			buildActionMask = 2147483647;
			files = (
			);
			runOnlyForDeploymentPostprocessing = 0;
		};
/* End PBXFrameworksBuildPhase section */

/* Begin PBXGroup section */
		EC6038081D224CDC0097FE81 /* CoreTextFrameWork */ = {
			isa = PBXGroup;
			children = (
				EC6038091D224D040097FE81 /* CTFrameParserConfig.h */,
				EC60380A1D224D040097FE81 /* CTFrameParserConfig.m */,
				EC60380C1D224E310097FE81 /* CTFrameParser.h */,
				EC60380D1D224E310097FE81 /* CTFrameParser.m */,
				EC60380F1D22556C0097FE81 /* CoreTextData.h */,
				EC6038101D22556C0097FE81 /* CoreTextData.m */,
				EC6038121D2257010097FE81 /* CTDisplayView.h */,
				EC6038131D2257010097FE81 /* CTDisplayView.m */,
			);
			path = CoreTextFrameWork;
			sourceTree = "<group>";
		};
		EC6038151D22672D0097FE81 /* CategoryMethod */ = {
			isa = PBXGroup;
			children = (
				EC6038161D2267450097FE81 /* UIView+SetFrame.h */,
				EC6038171D2267450097FE81 /* UIView+SetFrame.m */,
			);
			path = CategoryMethod;
			sourceTree = "<group>";
		};
		EC99F1B81D20AB430076E1F3 = {
			isa = PBXGroup;
			children = (
				EC6038071D22463C0097FE81 /* CoreText-Prefix.pch */,
				EC6038191D227D110097FE81 /* modelData */,
				EC99F1C31D20AB440076E1F3 /* CoreTextDemo */,
				EC99F1C21D20AB440076E1F3 /* Products */,
			);
			sourceTree = "<group>";
		};
		EC99F1C21D20AB440076E1F3 /* Products */ = {
			isa = PBXGroup;
			children = (
				EC99F1C11D20AB440076E1F3 /* CoreTextDemo.app */,
			);
			name = Products;
			sourceTree = "<group>";
		};
		EC99F1C31D20AB440076E1F3 /* CoreTextDemo */ = {
			isa = PBXGroup;
			children = (
				EC99F1C71D20AB440076E1F3 /* AppDelegate.h */,
				EC99F1C81D20AB440076E1F3 /* AppDelegate.m */,
				EC99F1CA1D20AB440076E1F3 /* ViewController.h */,
				EC99F1CB1D20AB440076E1F3 /* ViewController.m */,
				EC99F1DB1D20B8990076E1F3 /* CTView.h */,
				EC99F1DC1D20B8990076E1F3 /* CTView.m */,
				EC99F1E11D212CAF0076E1F3 /* CTAPIView.h */,
				EC99F1E21D212CAF0076E1F3 /* CTAPIView.m */,
				EC6038151D22672D0097FE81 /* CategoryMethod */,
				EC6038081D224CDC0097FE81 /* CoreTextFrameWork */,
				EC99F1CD1D20AB440076E1F3 /* Main.storyboard */,
				EC99F1DE1D20CD2E0076E1F3 /* exp.png */,
				EC99F1D01D20AB440076E1F3 /* Assets.xcassets */,
				EC99F1D21D20AB440076E1F3 /* LaunchScreen.storyboard */,
				EC99F1D51D20AB440076E1F3 /* Info.plist */,
				EC99F1C41D20AB440076E1F3 /* Supporting Files */,
			);
			path = CoreTextDemo;
			sourceTree = "<group>";
		};
		EC99F1C41D20AB440076E1F3 /* Supporting Files */ = {
			isa = PBXGroup;
			children = (
				EC99F1C51D20AB440076E1F3 /* main.m */,
			);
			name = "Supporting Files";
			sourceTree = "<group>";
		};
/* End PBXGroup section */

/* Begin PBXNativeTarget section */
		EC99F1C01D20AB430076E1F3 /* CoreTextDemo */ = {
			isa = PBXNativeTarget;
			buildConfigurationList = EC99F1D81D20AB440076E1F3 /* Build configuration list for PBXNativeTarget "CoreTextDemo" */;
			buildPhases = (
				EC99F1BD1D20AB430076E1F3 /* Sources */,
				EC99F1BE1D20AB430076E1F3 /* Frameworks */,
				EC99F1BF1D20AB430076E1F3 /* Resources */,
			);
			buildRules = (
			);
			dependencies = (
			);
			name = CoreTextDemo;
			productName = CoreTextDemo;
			productReference = EC99F1C11D20AB440076E1F3 /* CoreTextDemo.app */;
			productType = "com.apple.product-type.application";
		};
/* End PBXNativeTarget section */

/* Begin PBXProject section */
		EC99F1B91D20AB430076E1F3 /* Project object */ = {
			isa = PBXProject;
			attributes = {
				LastUpgradeCheck = 0730;
				ORGANIZATIONNAME = XXL;
				TargetAttributes = {
					EC99F1C01D20AB430076E1F3 = {
						CreatedOnToolsVersion = 7.3.1;
					};
				};
			};
			buildConfigurationList = EC99F1BC1D20AB430076E1F3 /* Build configuration list for PBXProject "CoreTextDemo" */;
			compatibilityVersion = "Xcode 3.2";
			developmentRegion = English;
			hasScannedForEncodings = 0;
			knownRegions = (
				en,
				Base,
			);
			mainGroup = EC99F1B81D20AB430076E1F3;
			productRefGroup = EC99F1C21D20AB440076E1F3 /* Products */;
			projectDirPath = "";
			projectRoot = "";
			targets = (
				EC99F1C01D20AB430076E1F3 /* CoreTextDemo */,
			);
		};
/* End PBXProject section */

/* Begin PBXResourcesBuildPhase section */
		EC99F1BF1D20AB430076E1F3 /* Resources */ = {
			isa = PBXResourcesBuildPhase;
			buildActionMask = 2147483647;
			files = (
				EC99F1D41D20AB440076E1F3 /* LaunchScreen.storyboard in Resources */,
				EC60381A1D227D110097FE81 /* modelData in Resources */,
				EC99F1D11D20AB440076E1F3 /* Assets.xcassets in Resources */,
				EC99F1CF1D20AB440076E1F3 /* Main.storyboard in Resources */,
				EC99F1DF1D20CD2E0076E1F3 /* exp.png in Resources */,
			);
			runOnlyForDeploymentPostprocessing = 0;
		};
/* End PBXResourcesBuildPhase section */

/* Begin PBXSourcesBuildPhase section */
		EC99F1BD1D20AB430076E1F3 /* Sources */ = {
			isa = PBXSourcesBuildPhase;
			buildActionMask = 2147483647;
			files = (
				EC99F1E31D212CAF0076E1F3 /* CTAPIView.m in Sources */,
				EC6038141D2257010097FE81 /* CTDisplayView.m in Sources */,
				EC6038111D22556C0097FE81 /* CoreTextData.m in Sources */,
				EC99F1CC1D20AB440076E1F3 /* ViewController.m in Sources */,
				EC99F1DD1D20B8990076E1F3 /* CTView.m in Sources */,
				EC99F1C91D20AB440076E1F3 /* AppDelegate.m in Sources */,
				EC99F1C61D20AB440076E1F3 /* main.m in Sources */,
				EC6038181D2267450097FE81 /* UIView+SetFrame.m in Sources */,
				EC60380E1D224E310097FE81 /* CTFrameParser.m in Sources */,
				EC60380B1D224D040097FE81 /* CTFrameParserConfig.m in Sources */,
			);
			runOnlyForDeploymentPostprocessing = 0;
		};
/* End PBXSourcesBuildPhase section */

/* Begin PBXVariantGroup section */
		EC99F1CD1D20AB440076E1F3 /* Main.storyboard */ = {
			isa = PBXVariantGroup;
			children = (
				EC99F1CE1D20AB440076E1F3 /* Base */,
			);
			name = Main.storyboard;
			sourceTree = "<group>";
		};
		EC99F1D21D20AB440076E1F3 /* LaunchScreen.storyboard */ = {
			isa = PBXVariantGroup;
			children = (
				EC99F1D31D20AB440076E1F3 /* Base */,
			);
			name = LaunchScreen.storyboard;
			sourceTree = "<group>";
		};
/* End PBXVariantGroup section */

/* Begin XCBuildConfiguration section */
		EC99F1D61D20AB440076E1F3 /* Debug */ = {
			isa = XCBuildConfiguration;
			buildSettings = {
				ALWAYS_SEARCH_USER_PATHS = NO;
				CLANG_ANALYZER_NONNULL = YES;
				CLANG_CXX_LANGUAGE_STANDARD = "gnu++0x";
				CLANG_CXX_LIBRARY = "libc++";
				CLANG_ENABLE_MODULES = YES;
				CLANG_ENABLE_OBJC_ARC = YES;
				CLANG_WARN_BOOL_CONVERSION = YES;
				CLANG_WARN_CONSTANT_CONVERSION = YES;
				CLANG_WARN_DIRECT_OBJC_ISA_USAGE = YES_ERROR;
				CLANG_WARN_EMPTY_BODY = YES;
				CLANG_WARN_ENUM_CONVERSION = YES;
				CLANG_WARN_INT_CONVERSION = YES;
				CLANG_WARN_OBJC_ROOT_CLASS = YES_ERROR;
				CLANG_WARN_UNREACHABLE_CODE = YES;
				CLANG_WARN__DUPLICATE_METHOD_MATCH = YES;
				"CODE_SIGN_IDENTITY[sdk=iphoneos*]" = "iPhone Developer";
				COPY_PHASE_STRIP = NO;
				DEBUG_INFORMATION_FORMAT = dwarf;
				ENABLE_STRICT_OBJC_MSGSEND = YES;
				ENABLE_TESTABILITY = YES;
				GCC_C_LANGUAGE_STANDARD = gnu99;
				GCC_DYNAMIC_NO_PIC = NO;
				GCC_NO_COMMON_BLOCKS = YES;
				GCC_OPTIMIZATION_LEVEL = 0;
				GCC_PREPROCESSOR_DEFINITIONS = (
					"DEBUG=1",
					"$(inherited)",
				);
				GCC_WARN_64_TO_32_BIT_CONVERSION = YES;
				GCC_WARN_ABOUT_RETURN_TYPE = YES_ERROR;
				GCC_WARN_UNDECLARED_SELECTOR = YES;
				GCC_WARN_UNINITIALIZED_AUTOS = YES_AGGRESSIVE;
				GCC_WARN_UNUSED_FUNCTION = YES;
				GCC_WARN_UNUSED_VARIABLE = YES;
				IPHONEOS_DEPLOYMENT_TARGET = 9.3;
				MTL_ENABLE_DEBUG_INFO = YES;
				ONLY_ACTIVE_ARCH = YES;
				SDKROOT = iphoneos;
				TARGETED_DEVICE_FAMILY = "1,2";
			};
			name = Debug;
		};
		EC99F1D71D20AB440076E1F3 /* Release */ = {
			isa = XCBuildConfiguration;
			buildSettings = {
				ALWAYS_SEARCH_USER_PATHS = NO;
				CLANG_ANALYZER_NONNULL = YES;
				CLANG_CXX_LANGUAGE_STANDARD = "gnu++0x";
				CLANG_CXX_LIBRARY = "libc++";
				CLANG_ENABLE_MODULES = YES;
				CLANG_ENABLE_OBJC_ARC = YES;
				CLANG_WARN_BOOL_CONVERSION = YES;
				CLANG_WARN_CONSTANT_CONVERSION = YES;
				CLANG_WARN_DIRECT_OBJC_ISA_USAGE = YES_ERROR;
				CLANG_WARN_EMPTY_BODY = YES;
				CLANG_WARN_ENUM_CONVERSION = YES;
				CLANG_WARN_INT_CONVERSION = YES;
				CLANG_WARN_OBJC_ROOT_CLASS = YES_ERROR;
				CLANG_WARN_UNREACHABLE_CODE = YES;
				CLANG_WARN__DUPLICATE_METHOD_MATCH = YES;
				"CODE_SIGN_IDENTITY[sdk=iphoneos*]" = "iPhone Developer";
				COPY_PHASE_STRIP = NO;
				DEBUG_INFORMATION_FORMAT = "dwarf-with-dsym";
				ENABLE_NS_ASSERTIONS = NO;
				ENABLE_STRICT_OBJC_MSGSEND = YES;
				GCC_C_LANGUAGE_STANDARD = gnu99;
				GCC_NO_COMMON_BLOCKS = YES;
				GCC_WARN_64_TO_32_BIT_CONVERSION = YES;
				GCC_WARN_ABOUT_RETURN_TYPE = YES_ERROR;
				GCC_WARN_UNDECLARED_SELECTOR = YES;
				GCC_WARN_UNINITIALIZED_AUTOS = YES_AGGRESSIVE;
				GCC_WARN_UNUSED_FUNCTION = YES;
				GCC_WARN_UNUSED_VARIABLE = YES;
				IPHONEOS_DEPLOYMENT_TARGET = 9.3;
				MTL_ENABLE_DEBUG_INFO = NO;
				SDKROOT = iphoneos;
				TARGETED_DEVICE_FAMILY = "1,2";
				VALIDATE_PRODUCT = YES;
			};
			name = Release;
		};
		EC99F1D91D20AB440076E1F3 /* Debug */ = {
			isa = XCBuildConfiguration;
			buildSettings = {
				ASSETCATALOG_COMPILER_APPICON_NAME = AppIcon;
				GCC_PRECOMPILE_PREFIX_HEADER = YES;
				GCC_PREFIX_HEADER = "$(SRCROOT)/CoreText-Prefix.pch";
				INFOPLIST_FILE = CoreTextDemo/Info.plist;
				LD_RUNPATH_SEARCH_PATHS = "$(inherited) @executable_path/Frameworks";
				PRODUCT_BUNDLE_IDENTIFIER = com.xiexiaolong.CoreTextDemo;
				PRODUCT_NAME = "$(TARGET_NAME)";
			};
			name = Debug;
		};
		EC99F1DA1D20AB440076E1F3 /* Release */ = {
			isa = XCBuildConfiguration;
			buildSettings = {
				ASSETCATALOG_COMPILER_APPICON_NAME = AppIcon;
				GCC_PRECOMPILE_PREFIX_HEADER = YES;
				GCC_PREFIX_HEADER = "$(SRCROOT)/CoreText-Prefix.pch";
				INFOPLIST_FILE = CoreTextDemo/Info.plist;
				LD_RUNPATH_SEARCH_PATHS = "$(inherited) @executable_path/Frameworks";
				PRODUCT_BUNDLE_IDENTIFIER = com.xiexiaolong.CoreTextDemo;
				PRODUCT_NAME = "$(TARGET_NAME)";
			};
			name = Release;
		};
/* End XCBuildConfiguration section */

/* Begin XCConfigurationList section */
		EC99F1BC1D20AB430076E1F3 /* Build configuration list for PBXProject "CoreTextDemo" */ = {
			isa = XCConfigurationList;
			buildConfigurations = (
				EC99F1D61D20AB440076E1F3 /* Debug */,
				EC99F1D71D20AB440076E1F3 /* Release */,
			);
			defaultConfigurationIsVisible = 0;
			defaultConfigurationName = Release;
		};
		EC99F1D81D20AB440076E1F3 /* Build configuration list for PBXNativeTarget "CoreTextDemo" */ = {
			isa = XCConfigurationList;
			buildConfigurations = (
				EC99F1D91D20AB440076E1F3 /* Debug */,
				EC99F1DA1D20AB440076E1F3 /* Release */,
			);
			defaultConfigurationIsVisible = 0;
			defaultConfigurationName = Release;
		};
/* End XCConfigurationList section */
	};
	rootObject = EC99F1B91D20AB430076E1F3 /* Project object */;
}
